{
  "name": "musicard",
  "version": "2.0.0-beta.3",
  "lockfileVersion": 3,
  "requires": true,
  "packages": {
    "": {
      "name": "musicard",
      "version": "2.0.0-beta.3",
      "license": "MIT",
      "dependencies": {
        "@napi-rs/canvas": "^0.1.44",
        "cropify": "^1.0.3"
      },
      "devDependencies": {
        "@types/node": "20.5.0",
        "typescript": "^5.1.6"
      },
      "funding": {
        "type": "githubsponser",
        "url": "https://github.com/sponsors/flameface"
      }
    },
    "node_modules/@napi-rs/canvas": {
      "version": "0.1.44",
      "license": "MIT",
      "engines": {
        "node": ">= 10"
      },
      "optionalDependencies": {
        "@napi-rs/canvas-android-arm64": "0.1.44",
        "@napi-rs/canvas-darwin-arm64": "0.1.44",
        "@napi-rs/canvas-darwin-x64": "0.1.44",
        "@napi-rs/canvas-linux-arm-gnueabihf": "0.1.44",
        "@napi-rs/canvas-linux-arm64-gnu": "0.1.44",
        "@napi-rs/canvas-linux-arm64-musl": "0.1.44",
        "@napi-rs/canvas-linux-x64-gnu": "0.1.44",
        "@napi-rs/canvas-linux-x64-musl": "0.1.44",
        "@napi-rs/canvas-win32-x64-msvc": "0.1.44"
      }
    },
    "node_modules/@napi-rs/canvas-win32-x64-msvc": {
      "version": "0.1.44",
      "cpu": [
        "x64"
      ],
      "license": "MIT",
      "optional": true,
      "os": [
        "win32"
      ],
      "engines": {
        "node": ">= 10"
      }
    },
    "node_modules/@types/node": {
      "version": "20.5.0",
      "dev": true,
      "license": "MIT"
    },
    "node_modules/cropify": {
      "version": "1.0.3",
      "license": "MIT",
      "dependencies": {
        "@napi-rs/canvas": "^0.1.44"
      },
      "funding": {
        "type": "githubsponser",
        "url": "https://github.com/sponsors/flameface"
      }
    },
    "node_modules/typescript": {
      "version": "5.2.2",
      "dev": true,
      "license": "Apache-2.0",
      "bin": {
        "tsc": "bin/tsc",
        "tsserver": "bin/tsserver"
      },
      "engines": {
        "node": ">=14.17"
      }
    }
  }
}
